
Microsoft Visual Studio Solution File, Format Version 12.00
# Visual Studio Version 17
VisualStudioVersion = 17.14.36518.9
MinimumVisualStudioVersion = 10.0.40219.1
Project("{2150E333-8FDC-42A3-9474-1A3956D46DE8}") = "Services", "Services", "{02EA681E-C7D8-13C7-8484-4AC65E1B71E8}"
EndProject
Project("{2150E333-8FDC-42A3-9474-1A3956D46DE8}") = "Catalog", "Catalog", "{85F72C39-9F12-47B8-8A29-1D8C9CF73EB6}"
EndProject
Project("{FAE04EC0-301F-11D3-BF4B-00C04F79EFBC}") = "CatalogApi", "Services\Catalog\CatalogApi\CatalogApi.csproj", "{0F857B16-1446-4612-B51A-EB1B0287D947}"
EndProject
Project("{2150E333-8FDC-42A3-9474-1A3956D46DE8}") = "BuildingBlocks", "BuildingBlocks", "{F5B27D93-ED36-4132-BF1E-3A4E28C2ADDE}"
EndProject
Project("{FAE04EC0-301F-11D3-BF4B-00C04F79EFBC}") = "BuildingBlocks", "BuildingBlocks\BuildingBlocks\BuildingBlocks.csproj", "{91264541-C56F-4B8E-96BF-47D2652AE4C2}"
EndProject
Global
	GlobalSection(SolutionConfigurationPlatforms) = preSolution
		Debug|Any CPU = Debug|Any CPU
		Release|Any CPU = Release|Any CPU
	EndGlobalSection
	GlobalSection(ProjectConfigurationPlatforms) = postSolution
		{0F857B16-1446-4612-B51A-EB1B0287D947}.Debug|Any CPU.ActiveCfg = Debug|Any CPU
		{0F857B16-1446-4612-B51A-EB1B0287D947}.Debug|Any CPU.Build.0 = Debug|Any CPU
		{0F857B16-1446-4612-B51A-EB1B0287D947}.Release|Any CPU.ActiveCfg = Release|Any CPU
		{0F857B16-1446-4612-B51A-EB1B0287D947}.Release|Any CPU.Build.0 = Release|Any CPU
		{91264541-C56F-4B8E-96BF-47D2652AE4C2}.Debug|Any CPU.ActiveCfg = Debug|Any CPU
		{91264541-C56F-4B8E-96BF-47D2652AE4C2}.Debug|Any CPU.Build.0 = Debug|Any CPU
		{91264541-C56F-4B8E-96BF-47D2652AE4C2}.Release|Any CPU.ActiveCfg = Release|Any CPU
		{91264541-C56F-4B8E-96BF-47D2652AE4C2}.Release|Any CPU.Build.0 = Release|Any CPU
	EndGlobalSection
	GlobalSection(SolutionProperties) = preSolution
		HideSolutionNode = FALSE
	EndGlobalSection
	GlobalSection(NestedProjects) = preSolution
		{85F72C39-9F12-47B8-8A29-1D8C9CF73EB6} = {02EA681E-C7D8-13C7-8484-4AC65E1B71E8}
		{0F857B16-1446-4612-B51A-EB1B0287D947} = {85F72C39-9F12-47B8-8A29-1D8C9CF73EB6}
		{91264541-C56F-4B8E-96BF-47D2652AE4C2} = {F5B27D93-ED36-4132-BF1E-3A4E28C2ADDE}
	EndGlobalSection
	GlobalSection(ExtensibilityGlobals) = postSolution
		SolutionGuid = {9CEE1A13-27A2-44AD-8766-CA3879F0DB93}
	EndGlobalSection
EndGlobal
